<?xml version="1.0" encoding="utf-8"?>
<Project ToolsVersion="4.0" xmlns="http://schemas.microsoft.com/developer/msbuild/2003">
  <ItemGroup>
    <Filter Include="Source Files">
      <UniqueIdentifier>{4FC737F1-C7A5-4376-A066-2A32D752A2FF}</UniqueIdentifier>
      <Extensions>cpp;c;cc;cxx;c++;cppm;ixx;def;odl;idl;hpj;bat;asm;asmx</Extensions>
    </Filter>
    <Filter Include="Header Files">
      <UniqueIdentifier>{93995380-89BD-4b04-88EB-625FBE52EBFB}</UniqueIdentifier>
      <Extensions>h;hh;hpp;hxx;h++;hm;inl;inc;ipp;xsd</Extensions>
    </Filter>
    <Filter Include="Resource Files">
      <UniqueIdentifier>{67DA6AB6-F800-4c08-8B7A-83BB121AAD01}</UniqueIdentifier>
      <Extensions>rc;ico;cur;bmp;dlg;rc2;rct;bin;rgs;gif;jpg;jpeg;jpe;resx;tiff;tif;png;wav;mfcribbon-ms</Extensions>
    </Filter>
  </ItemGroup>
  <ItemGroup>
    <ClCompile Include="main.cpp">
      <Filter>Source Files</Filter>
    </ClCompile>
    <ClCompile Include="Game.cpp">
      <Filter>Source Files</Filter>
    </ClCompile>
    <ClCompile Include="AssetManager.cpp">
      <Filter>Source Files</Filter>
    </ClCompile>
    <ClCompile Include="PeaShooter.cpp">
      <Filter>Source Files</Filter>
    </ClCompile>
    <ClCompile Include="SimpleZombie.cpp">
      <Filter>Source Files</Filter>
    </ClCompile>
    <ClCompile Include="SunFlower.cpp">
      <Filter>Source Files</Filter>
    </ClCompile>
    <ClCompile Include="WallNut.cpp">
      <Filter>Source Files</Filter>
    </ClCompile>
    <ClCompile Include="Bullet.cpp">
      <Filter>Source Files</Filter>
    </ClCompile>
    <ClCompile Include="PlantFactory.cpp">
      <Filter>Source Files</Filter>
    </ClCompile>
    <ClCompile Include="FlyingZombie.cpp">
      <Filter>Source Files</Filter>
    </ClCompile>
    <ClCompile Include="FootballZombie.cpp">
      <Filter>Source Files</Filter>
    </ClCompile>
    <ClCompile Include="DancingZombie.cpp">
      <Filter>Source Files</Filter>
    </ClCompile>
    <ClCompile Include="DolphinRiderZombie.cpp">
      <Filter>Source Files</Filter>
    </ClCompile>
    <ClCompile Include="Level1State.cpp">
      <Filter>Source Files</Filter>
    </ClCompile>
    <ClCompile Include="SplashState.cpp">
      <Filter>Source Files</Filter>
    </ClCompile>
    <ClCompile Include="StateMachine.cpp">
      <Filter>Source Files</Filter>
    </ClCompile>
    <ClCompile Include="InstructionsState.cpp">
      <Filter>Source Files</Filter>
    </ClCompile>
    <ClCompile Include="LeaderBoardState.cpp">
      <Filter>Source Files</Filter>
    </ClCompile>
    <ClCompile Include="LevelSelectionState.cpp">
      <Filter>Source Files</Filter>
    </ClCompile>
    <ClCompile Include="MainMenuState.cpp">
      <Filter>Source Files</Filter>
    </ClCompile>
    <ClCompile Include="PauseGameState.cpp">
      <Filter>Source Files</Filter>
    </ClCompile>
    <ClCompile Include="Cherrybomb.cpp">
      <Filter>Source Files</Filter>
    </ClCompile>
    <ClCompile Include="FumeShroom.cpp">
      <Filter>Source Files</Filter>
    </ClCompile>
    <ClCompile Include="Repeater.cpp">
      <Filter>Source Files</Filter>
    </ClCompile>
    <ClCompile Include="SnowPea.cpp">
      <Filter>Source Files</Filter>
    </ClCompile>
    <ClCompile Include="BackupDancerZombie.cpp">
      <Filter>Source Files</Filter>
    </ClCompile>
    <ClCompile Include="LawnMower.cpp">
      <Filter>Source Files</Filter>
    </ClCompile>
    <ClCompile Include="Sun.cpp">
      <Filter>Source Files</Filter>
    </ClCompile>
    <ClCompile Include="ZombieFactory.cpp">
      <Filter>Source Files</Filter>
    </ClCompile>
    <ClCompile Include="Level2State.cpp">
      <Filter>Source Files</Filter>
    </ClCompile>
    <ClCompile Include="Level5State.cpp">
      <Filter>Source Files</Filter>
    </ClCompile>
  </ItemGroup>
  <ItemGroup>
    <ClInclude Include="Game.h">
      <Filter>Header Files</Filter>
    </ClInclude>
    <ClInclude Include="AssetManager.h">
      <Filter>Header Files</Filter>
    </ClInclude>
    <ClInclude Include="Plant.h">
      <Filter>Header Files</Filter>
    </ClInclude>
    <ClInclude Include="PeaShooter.h">
      <Filter>Header Files</Filter>
    </ClInclude>
    <ClInclude Include="Zombie.h">
      <Filter>Header Files</Filter>
    </ClInclude>
    <ClInclude Include="SimpleZombie.h">
      <Filter>Header Files</Filter>
    </ClInclude>
    <ClInclude Include="SunFlower.h">
      <Filter>Header Files</Filter>
    </ClInclude>
    <ClInclude Include="WallNut.h">
      <Filter>Header Files</Filter>
    </ClInclude>
    <ClInclude Include="Bullet.h">
      <Filter>Header Files</Filter>
    </ClInclude>
    <ClInclude Include="Shooter.h">
      <Filter>Header Files</Filter>
    </ClInclude>
    <ClInclude Include="PlantFactory.h">
      <Filter>Header Files</Filter>
    </ClInclude>
    <ClInclude Include="FlyingZombie.h">
      <Filter>Header Files</Filter>
    </ClInclude>
    <ClInclude Include="FootballZombie.h">
      <Filter>Header Files</Filter>
    </ClInclude>
    <ClInclude Include="DancingZombie.h">
      <Filter>Header Files</Filter>
    </ClInclude>
    <ClInclude Include="DolphinRiderZombie.h">
      <Filter>Header Files</Filter>
    </ClInclude>
    <ClInclude Include="Definitions.h">
      <Filter>Header Files</Filter>
    </ClInclude>
    <ClInclude Include="Level1State.h">
      <Filter>Header Files</Filter>
    </ClInclude>
    <ClInclude Include="SplashState.h">
      <Filter>Header Files</Filter>
    </ClInclude>
    <ClInclude Include="StateMachine.h">
      <Filter>Header Files</Filter>
    </ClInclude>
    <ClInclude Include="InstructionsState.h">
      <Filter>Header Files</Filter>
    </ClInclude>
    <ClInclude Include="LeaderBoardState.h">
      <Filter>Header Files</Filter>
    </ClInclude>
    <ClInclude Include="LevelSelectionState.h">
      <Filter>Header Files</Filter>
    </ClInclude>
    <ClInclude Include="MainMenuState.h">
      <Filter>Header Files</Filter>
    </ClInclude>
    <ClInclude Include="PauseGameState.h">
      <Filter>Header Files</Filter>
    </ClInclude>
    <ClInclude Include="Cherrybomb.h">
      <Filter>Header Files</Filter>
    </ClInclude>
    <ClInclude Include="FumeShroom.h">
      <Filter>Header Files</Filter>
    </ClInclude>
    <ClInclude Include="Repeater.h">
      <Filter>Header Files</Filter>
    </ClInclude>
    <ClInclude Include="SnowPea.h">
      <Filter>Header Files</Filter>
    </ClInclude>
    <ClInclude Include="Stack.h">
      <Filter>Header Files</Filter>
    </ClInclude>
    <ClInclude Include="BackupDancerZombie.h">
      <Filter>Header Files</Filter>
    </ClInclude>
    <ClInclude Include="LawnMower.h">
      <Filter>Header Files</Filter>
    </ClInclude>
    <ClInclude Include="Sun.h">
      <Filter>Header Files</Filter>
    </ClInclude>
    <ClInclude Include="ZombieFactory.h">
      <Filter>Header Files</Filter>
    </ClInclude>
    <ClInclude Include="Level2State.h">
      <Filter>Header Files</Filter>
    </ClInclude>
    <ClInclude Include="Level5State.h">
      <Filter>Header Files</Filter>
    </ClInclude>
  </ItemGroup>
</Project>